{
  "name": "formflow",
  "version": "2.8.6",
  "lockfileVersion": 3,
  "requires": true,
  "packages": {
    "": {
      "name": "formflow",
      "version": "2.8.6",
      "license": "GPL-2.0-or-later",
      "devDependencies": {},
      "engines": {
        "node": "22.22.2",
        "npm": "10.9.7"
      }
    }
  }
}
